# This file is automatically @generated by Cargo.
# It is not intended for manual editing.
version = 4

[[package]]
name = "fandhe-browser-ai"
version = "0.1.0"

[[package]]
name = "fandhe-browser-cdp"
version = "0.1.0"

[[package]]
name = "fandhe-browser-js"
version = "0.1.0"

[[package]]
name = "fandhe-browser-profile"
version = "0.1.0"
